
Microsoft Visual Studio Solution File, Format Version 12.00
# Visual Studio Version 17
VisualStudioVersion = 17.0.31903.59
MinimumVisualStudioVersion = 10.0.40219.1
Project("{2150E333-8FDC-42A3-9474-1A3956D46DE8}") = "src", "src", "{827E0CD3-B72D-47B6-A68D-7590B98EB39B}"
EndProject
Project("{FAE04EC0-301F-11D3-BF4B-00C04F79EFBC}") = "Pansy.Core", "src\Pansy.Core\Pansy.Core.csproj", "{F3818936-F156-4E9F-8A51-EF3C8B231BC4}"
EndProject
Project("{FAE04EC0-301F-11D3-BF4B-00C04F79EFBC}") = "Pansy.Cli", "src\Pansy.Cli\Pansy.Cli.csproj", "{A2357F3F-F4CF-4DC4-947B-50FE38FBA1B9}"
EndProject
Project("{2150E333-8FDC-42A3-9474-1A3956D46DE8}") = "tests", "tests", "{0AB3BF05-4346-4AA6-1389-037BE0695223}"
EndProject
Project("{FAE04EC0-301F-11D3-BF4B-00C04F79EFBC}") = "Pansy.Core.Tests", "tests\Pansy.Core.Tests\Pansy.Core.Tests.csproj", "{852B45A0-713A-4F3D-B957-72C3979B0239}"
EndProject
Project("{FAE04EC0-301F-11D3-BF4B-00C04F79EFBC}") = "Pansy.UI", "src\Pansy.UI\Pansy.UI.csproj", "{C1063FDC-F7E3-462A-A395-BDF44907402F}"
EndProject
Global
	GlobalSection(SolutionConfigurationPlatforms) = preSolution
		Debug|Any CPU = Debug|Any CPU
		Debug|x64 = Debug|x64
		Debug|x86 = Debug|x86
		Release|Any CPU = Release|Any CPU
		Release|x64 = Release|x64
		Release|x86 = Release|x86
	EndGlobalSection
	GlobalSection(ProjectConfigurationPlatforms) = postSolution
		{F3818936-F156-4E9F-8A51-EF3C8B231BC4}.Debug|Any CPU.ActiveCfg = Debug|Any CPU
		{F3818936-F156-4E9F-8A51-EF3C8B231BC4}.Debug|Any CPU.Build.0 = Debug|Any CPU
		{F3818936-F156-4E9F-8A51-EF3C8B231BC4}.Debug|x64.ActiveCfg = Debug|Any CPU
		{F3818936-F156-4E9F-8A51-EF3C8B231BC4}.Debug|x64.Build.0 = Debug|Any CPU
		{F3818936-F156-4E9F-8A51-EF3C8B231BC4}.Debug|x86.ActiveCfg = Debug|Any CPU
		{F3818936-F156-4E9F-8A51-EF3C8B231BC4}.Debug|x86.Build.0 = Debug|Any CPU
		{F3818936-F156-4E9F-8A51-EF3C8B231BC4}.Release|Any CPU.ActiveCfg = Release|Any CPU
		{F3818936-F156-4E9F-8A51-EF3C8B231BC4}.Release|Any CPU.Build.0 = Release|Any CPU
		{F3818936-F156-4E9F-8A51-EF3C8B231BC4}.Release|x64.ActiveCfg = Release|Any CPU
		{F3818936-F156-4E9F-8A51-EF3C8B231BC4}.Release|x64.Build.0 = Release|Any CPU
		{F3818936-F156-4E9F-8A51-EF3C8B231BC4}.Release|x86.ActiveCfg = Release|Any CPU
		{F3818936-F156-4E9F-8A51-EF3C8B231BC4}.Release|x86.Build.0 = Release|Any CPU
		{A2357F3F-F4CF-4DC4-947B-50FE38FBA1B9}.Debug|Any CPU.ActiveCfg = Debug|Any CPU
		{A2357F3F-F4CF-4DC4-947B-50FE38FBA1B9}.Debug|Any CPU.Build.0 = Debug|Any CPU
		{A2357F3F-F4CF-4DC4-947B-50FE38FBA1B9}.Debug|x64.ActiveCfg = Debug|Any CPU
		{A2357F3F-F4CF-4DC4-947B-50FE38FBA1B9}.Debug|x64.Build.0 = Debug|Any CPU
		{A2357F3F-F4CF-4DC4-947B-50FE38FBA1B9}.Debug|x86.ActiveCfg = Debug|Any CPU
		{A2357F3F-F4CF-4DC4-947B-50FE38FBA1B9}.Debug|x86.Build.0 = Debug|Any CPU
		{A2357F3F-F4CF-4DC4-947B-50FE38FBA1B9}.Release|Any CPU.ActiveCfg = Release|Any CPU
		{A2357F3F-F4CF-4DC4-947B-50FE38FBA1B9}.Release|Any CPU.Build.0 = Release|Any CPU
		{A2357F3F-F4CF-4DC4-947B-50FE38FBA1B9}.Release|x64.ActiveCfg = Release|Any CPU
		{A2357F3F-F4CF-4DC4-947B-50FE38FBA1B9}.Release|x64.Build.0 = Release|Any CPU
		{A2357F3F-F4CF-4DC4-947B-50FE38FBA1B9}.Release|x86.ActiveCfg = Release|Any CPU
		{A2357F3F-F4CF-4DC4-947B-50FE38FBA1B9}.Release|x86.Build.0 = Release|Any CPU
		{852B45A0-713A-4F3D-B957-72C3979B0239}.Debug|Any CPU.ActiveCfg = Debug|Any CPU
		{852B45A0-713A-4F3D-B957-72C3979B0239}.Debug|Any CPU.Build.0 = Debug|Any CPU
		{852B45A0-713A-4F3D-B957-72C3979B0239}.Debug|x64.ActiveCfg = Debug|Any CPU
		{852B45A0-713A-4F3D-B957-72C3979B0239}.Debug|x64.Build.0 = Debug|Any CPU
		{852B45A0-713A-4F3D-B957-72C3979B0239}.Debug|x86.ActiveCfg = Debug|Any CPU
		{852B45A0-713A-4F3D-B957-72C3979B0239}.Debug|x86.Build.0 = Debug|Any CPU
		{852B45A0-713A-4F3D-B957-72C3979B0239}.Release|Any CPU.ActiveCfg = Release|Any CPU
		{852B45A0-713A-4F3D-B957-72C3979B0239}.Release|Any CPU.Build.0 = Release|Any CPU
		{852B45A0-713A-4F3D-B957-72C3979B0239}.Release|x64.ActiveCfg = Release|Any CPU
		{852B45A0-713A-4F3D-B957-72C3979B0239}.Release|x64.Build.0 = Release|Any CPU
		{852B45A0-713A-4F3D-B957-72C3979B0239}.Release|x86.ActiveCfg = Release|Any CPU
		{852B45A0-713A-4F3D-B957-72C3979B0239}.Release|x86.Build.0 = Release|Any CPU
		{C1063FDC-F7E3-462A-A395-BDF44907402F}.Debug|Any CPU.ActiveCfg = Debug|Any CPU
		{C1063FDC-F7E3-462A-A395-BDF44907402F}.Debug|Any CPU.Build.0 = Debug|Any CPU
		{C1063FDC-F7E3-462A-A395-BDF44907402F}.Debug|x64.ActiveCfg = Debug|Any CPU
		{C1063FDC-F7E3-462A-A395-BDF44907402F}.Debug|x64.Build.0 = Debug|Any CPU
		{C1063FDC-F7E3-462A-A395-BDF44907402F}.Debug|x86.ActiveCfg = Debug|Any CPU
		{C1063FDC-F7E3-462A-A395-BDF44907402F}.Debug|x86.Build.0 = Debug|Any CPU
		{C1063FDC-F7E3-462A-A395-BDF44907402F}.Release|Any CPU.ActiveCfg = Release|Any CPU
		{C1063FDC-F7E3-462A-A395-BDF44907402F}.Release|Any CPU.Build.0 = Release|Any CPU
		{C1063FDC-F7E3-462A-A395-BDF44907402F}.Release|x64.ActiveCfg = Release|Any CPU
		{C1063FDC-F7E3-462A-A395-BDF44907402F}.Release|x64.Build.0 = Release|Any CPU
		{C1063FDC-F7E3-462A-A395-BDF44907402F}.Release|x86.ActiveCfg = Release|Any CPU
		{C1063FDC-F7E3-462A-A395-BDF44907402F}.Release|x86.Build.0 = Release|Any CPU
	EndGlobalSection
	GlobalSection(SolutionProperties) = preSolution
		HideSolutionNode = FALSE
	EndGlobalSection
	GlobalSection(NestedProjects) = preSolution
		{F3818936-F156-4E9F-8A51-EF3C8B231BC4} = {827E0CD3-B72D-47B6-A68D-7590B98EB39B}
		{A2357F3F-F4CF-4DC4-947B-50FE38FBA1B9} = {827E0CD3-B72D-47B6-A68D-7590B98EB39B}
		{852B45A0-713A-4F3D-B957-72C3979B0239} = {0AB3BF05-4346-4AA6-1389-037BE0695223}
		{C1063FDC-F7E3-462A-A395-BDF44907402F} = {827E0CD3-B72D-47B6-A68D-7590B98EB39B}
	EndGlobalSection
EndGlobal
